{
  "requires": true,
  "lockfileVersion": 1,
  "dependencies": {
    "@babel/helper-string-parser": {
      "version": "7.23.4",
      "resolved": "https://registry.npmjs.org/@babel/helper-string-parser/-/helper-string-parser-7.23.4.tgz",
      "integrity": "sha512-803gmbQdqwdf4olxrX4AJyFBV/RTr3rSmOj0rKwesmzlfhYNDEs+/iOcznzpNWlJlIlTJC2QfPFcHB6DlzdVLQ==",
      "dev": true
    },
    "@babel/helper-validator-identifier": {
      "version": "7.22.20",
      "resolved": "https://registry.npmjs.org/@babel/helper-validator-identifier/-/helper-validator-identifier-7.22.20.tgz",
      "integrity": "sha512-Y4OZ+ytlatR8AI+8KZfKuL5urKp7qey08ha31L8b3BwewJAoJamTzyvxPR/5D+KkdJCGPq/+8TukHBlY10FX9A==",
      "dev": true
    },
    "@babel/parser": {
      "version": "7.24.0",
      "resolved": "https://registry.npmjs.org/@babel/parser/-/parser-7.24.0.tgz",
      "integrity": "sha512-QuP/FxEAzMSjXygs8v4N9dvdXzEHN4W1oF3PxuWAtPo08UdM17u89RDMgjLn/mlc56iM0HlLmVkO/wgR+rDgHg==",
      "dev": true
    },
    "@babel/types": {
      "version": "7.24.0",
      "resolved": "https://registry.npmjs.org/@babel/types/-/types-7.24.0.tgz",
      "integrity": "sha512-+j7a5c253RfKh8iABBhywc8NSfP5LURe7Uh4qpsh6jc+aLJguvmIUBdjSdEMQv2bENrCR5MfRdjGo7vzS/ob7w==",
      "dev": true,
      "requires": {
        "@babel/helper-string-parser": "^7.23.4",
        "@babel/helper-validator-identifier": "^7.22.20",
        "to-fast-properties": "^2.0.0"
      }
    },
    "@types/aes-js": {
      "version": "3.1.4",
      "resolved": "https://registry.npmjs.org/@types/aes-js/-/aes-js-3.1.4.tgz",
      "integrity": "sha512-v3D66IptpUqh+pHKVNRxY8yvp2ESSZXe0rTzsGdzUhEwag7ljVfgCllkWv2YgiYXDhWFBrEywll4A5JToyTNFA==",
      "dev": true
    },
    "@types/agent-base": {
      "version": "4.2.5",
      "resolved": "https://registry.npmjs.org/@types/agent-base/-/agent-base-4.2.5.tgz",
      "integrity": "sha512-7A+Jev2t6tsRHhdYiGPata3hh9aouM6CmpLHTmX9E9hvW3dUriNvLLS/IKPQUdJV7cKAlrCFXoUJQXOBgIYt3w==",
      "dev": true,
      "requires": {
        "@types/node": "*"
      }
    },
    "@types/are-we-there-yet": {
      "version": "1.1.1",
      "resolved": "https://registry.npmjs.org/@types/are-we-there-yet/-/are-we-there-yet-1.1.1.tgz",
      "integrity": "sha512-PrqsJv1MgmGyQVO9PXTTf3GIVAi66Xu9p6ultSltyYq9GMcuJBNn7kWnVwfnpiPvvV1zMckZ/QfrVQSACwtilw==",
      "dev": true,
      "requires": {
        "@types/node": "*"
      }
    },
    "@types/aws4": {
      "version": "1.11.5",
      "resolved": "https://registry.npmjs.org/@types/aws4/-/aws4-1.11.5.tgz",
      "integrity": "sha512-UBercs8+U9+KAGq3eDIB7+qKVbjxayzwit5Xw+UfRBWgNolGh8PZwCjLn5ILqgVSSTnIJDktGHTsFfOA2kGjkA==",
      "dev": true,
      "requires": {
        "@types/node": "*"
      }
    },
    "@types/babel__core": {
      "version": "7.20.5",
      "resolved": "https://registry.npmjs.org/@types/babel__core/-/babel__core-7.20.5.tgz",
      "integrity": "sha512-qoQprZvz5wQFJwMDqeseRXWv3rqMvhgpbXFfVyWhbx9X47POIA6i/+dXefEmZKoAgOaTdaIgNSMqMIU61yRyzA==",
      "dev": true,
      "requires": {
        "@babel/parser": "^7.20.7",
        "@babel/types": "^7.20.7",
        "@types/babel__generator": "*",
        "@types/babel__template": "*",
        "@types/babel__traverse": "*"
      }
    },
    "@types/babel__generator": {
      "version": "7.6.8",
      "resolved": "https://registry.npmjs.org/@types/babel__generator/-/babel__generator-7.6.8.tgz",
      "integrity": "sha512-ASsj+tpEDsEiFr1arWrlN6V3mdfjRMZt6LtK/Vp/kreFLnr5QH5+DhvD5nINYZXzwJvXeGq+05iUXcAzVrqWtw==",
      "dev": true,
      "requires": {
        "@babel/types": "^7.0.0"
      }
    },
    "@types/babel__preset-env": {
      "version": "7.9.6",
      "resolved": "https://registry.npmjs.org/@types/babel__preset-env/-/babel__preset-env-7.9.6.tgz",
      "integrity": "sha512-PaOA2V4J3CZZopQaTGT1e8WEWCqHWc1k12zLlci4T9eR2lQIlA/GbnVbloFDqYVFr1BNiCXnotH32Up8WdgTxQ==",
      "dev": true
    },
    "@types/babel__template": {
      "version": "7.4.4",
      "resolved": "https://registry.npmjs.org/@types/babel__template/-/babel__template-7.4.4.tgz",
      "integrity": "sha512-h/NUaSyG5EyxBIp8YRxo4RMe2/qQgvyowRwVMzhYhBCONbW8PUsg4lkFMrhgZhUe5z3L3MiLDuvyJ/CaPa2A8A==",
      "dev": true,
      "requires": {
        "@babel/parser": "^7.1.0",
        "@babel/types": "^7.0.0"
      }
    },
    "@types/babel__traverse": {
      "version": "7.20.5",
      "resolved": "https://registry.npmjs.org/@types/babel__traverse/-/babel__traverse-7.20.5.tgz",
      "integrity": "sha512-WXCyOcRtH37HAUkpXhUduaxdm82b4GSlyTqajXviN4EfiuPgNYR109xMCKvpl6zPIpua0DGlMEDCq+g8EdoheQ==",
      "dev": true,
      "requires": {
        "@babel/types": "^7.20.7"
      }
    },
    "@types/bluebird": {
      "version": "3.5.42",
      "resolved": "https://registry.npmjs.org/@types/bluebird/-/bluebird-3.5.42.tgz",
      "integrity": "sha512-Jhy+MWRlro6UjVi578V/4ZGNfeCOcNCp0YaFNIUGFKlImowqwb1O/22wDVk3FDGMLqxdpOV3qQHD5fPEH4hK6A==",
      "dev": true
    },
    "@types/body-parser": {
      "version": "1.19.5",
      "resolved": "https://registry.npmjs.org/@types/body-parser/-/body-parser-1.19.5.tgz",
      "integrity": "sha512-fB3Zu92ucau0iQ0JMCFQE7b/dv8Ot07NI3KaZIkIUNXq82k4eBAqUaneXfleGY9JWskeS9y+u0nXMyspcuQrCg==",
      "dev": true,
      "requires": {
        "@types/connect": "*",
        "@types/node": "*"
      }
    },
    "@types/caseless": {
      "version": "0.12.4",
      "resolved": "https://registry.npmjs.org/@types/caseless/-/caseless-0.12.4.tgz",
      "integrity": "sha512-2in/lrHRNmDvHPgyormtEralhPcN3An1gLjJzj2Bw145VBxkQ75JEXW6CTdMAwShiHQcYsl2d10IjQSdJSJz4g==",
      "dev": true
    },
    "@types/cheerio": {
      "version": "0.22.35",
      "resolved": "https://registry.npmjs.org/@types/cheerio/-/cheerio-0.22.35.tgz",
      "integrity": "sha512-yD57BchKRvTV+JD53UZ6PD8KWY5g5rvvMLRnZR3EQBCZXiDT/HR+pKpMzFGlWNhFrXlo7VPZXtKvIEwZkAWOIA==",
      "dev": true,
      "requires": {
        "@types/node": "*"
      }
    },
    "@types/connect": {
      "version": "3.4.38",
      "resolved": "https://registry.npmjs.org/@types/connect/-/connect-3.4.38.tgz",
      "integrity": "sha512-K6uROf1LD88uDQqJCktA4yzL1YYAK6NgfsI0v/mTgyPKWsX1CnJ0XPSDhViejru1GcRkLWb8RlzFYJRqGUbaug==",
      "dev": true,
      "requires": {
        "@types/node": "*"
      }
    },
    "@types/domhandler": {
      "version": "2.4.5",
      "resolved": "https://registry.npmjs.org/@types/domhandler/-/domhandler-2.4.5.tgz",
      "integrity": "sha512-lANhC2grmFG1gBac/8sDAKdIXx+TzAdkJIAjEOSMA+qW3297ybACEbacJnG15aNYfrzDO6fdcoouokqAKsy6aQ==",
      "dev": true
    },
    "@types/domutils": {
      "version": "1.7.8",
      "resolved": "https://registry.npmjs.org/@types/domutils/-/domutils-1.7.8.tgz",
      "integrity": "sha512-iZGboDV79ibrO3D625p9yD+VgmMDnyJocdIRJvu9Xz66R8SHfOY/XNgdjY5SFoFiLgILceVfSLt7IUhlk1Vhhg==",
      "dev": true,
      "requires": {
        "@types/domhandler": "^2.4.0"
      }
    },
    "@types/express": {
      "version": "4.17.21",
      "resolved": "https://registry.npmjs.org/@types/express/-/express-4.17.21.tgz",
      "integrity": "sha512-ejlPM315qwLpaQlQDTjPdsUFSc6ZsP4AN6AlWnogPjQ7CVi7PYF3YVz+CY3jE2pwYf7E/7HlDAN0rV2GxTG0HQ==",
      "dev": true,
      "requires": {
        "@types/body-parser": "*",
        "@types/express-serve-static-core": "^4.17.33",
        "@types/qs": "*",
        "@types/serve-static": "*"
      }
    },
    "@types/express-serve-static-core": {
      "version": "4.17.41",
      "resolved": "https://registry.npmjs.org/@types/express-serve-static-core/-/express-serve-static-core-4.17.41.tgz",
      "integrity": "sha512-OaJ7XLaelTgrvlZD8/aa0vvvxZdUmlCn6MtWeB7TkiKW70BQLc9XEPpDLPdbo52ZhXUCrznlWdCHWxJWtdyajA==",
      "dev": true,
      "requires": {
        "@types/node": "*",
        "@types/qs": "*",
        "@types/range-parser": "*",
        "@types/send": "*"
      }
    },
    "@types/extend": {
      "version": "3.0.3",
      "resolved": "https://registry.npmjs.org/@types/extend/-/extend-3.0.3.tgz",
      "integrity": "sha512-1Hz9SFYIkslmAt4R5WCpJBzCX9Cn+flMDgKbBXV3c47VyhLOOGYo52SIeoW00VBiUCI/dqKbnfM/8IC7Cm0h6g==",
      "dev": true
    },
    "@types/forever-agent": {
      "version": "0.6.3",
      "resolved": "https://registry.npmjs.org/@types/forever-agent/-/forever-agent-0.6.3.tgz",
      "integrity": "sha512-A89rP0ykq+mwfFq5BRdBwsPg5Uvl8AzUDT/T5YzR/nzuEuZzX6UNQ+PchX+H1MOTSgEBOD0JExSYpoku5pWokg==",
      "dev": true,
      "requires": {
        "@types/node": "*"
      }
    },
    "@types/fs-extra": {
      "version": "11.0.4",
      "resolved": "https://registry.npmjs.org/@types/fs-extra/-/fs-extra-11.0.4.tgz",
      "integrity": "sha512-yTbItCNreRooED33qjunPthRcSjERP1r4MqCZc7wv0u2sUkzTFp45tgUfS5+r7FrZPdmCCNflLhVSP/o+SemsQ==",
      "dev": true,
      "requires": {
        "@types/jsonfile": "*",
        "@types/node": "*"
      }
    },
    "@types/gauge": {
      "version": "5.0.2",
      "resolved": "https://registry.npmjs.org/@types/gauge/-/gauge-5.0.2.tgz",
      "integrity": "sha512-Wt7LbjDoN1wHDIP3MfBvESdQdF/cFglBtqU211oDY+1kJFLjOm/XzpdLUsCzy5mSWJE90M97rHMznQcKz40pUA==",
      "dev": true,
      "requires": {
        "@types/node": "*"
      }
    },
    "@types/gradient-string": {
      "version": "1.1.5",
      "resolved": "https://registry.npmjs.org/@types/gradient-string/-/gradient-string-1.1.5.tgz",
      "integrity": "sha512-Z2VPQ0q+IhrAO7XjJSjpDsoPc+CsCshRNah1IE9LCo/NzHMHylssvx73i0BAKzuaGj9cdhmgq9rLaietpYAbKQ==",
      "dev": true,
      "requires": {
        "@types/tinycolor2": "*"
      }
    },
    "@types/html-to-text": {
      "version": "9.0.4",
      "resolved": "https://registry.npmjs.org/@types/html-to-text/-/html-to-text-9.0.4.tgz",
      "integrity": "sha512-pUY3cKH/Nm2yYrEmDlPR1mR7yszjGx4DrwPjQ702C4/D5CwHuZTgZdIdwPkRbcuhs7BAh2L5rg3CL5cbRiGTCQ==",
      "dev": true
    },
    "@types/htmlparser2": {
      "version": "3.10.7",
      "resolved": "https://registry.npmjs.org/@types/htmlparser2/-/htmlparser2-3.10.7.tgz",
      "integrity": "sha512-ycBs4PNr9rY9XFFp4WkP+M1UcO49ahn0+9b24cmIY6KWy0w35rW0G8+JTTe9Rp6Wnyqn5SEHZrhCBMa0TIOxBw==",
      "dev": true,
      "requires": {
        "@types/domhandler": "^2.4.3",
        "@types/domutils": "*",
        "@types/node": "*",
        "domhandler": "^2.4.0"
      }
    },
    "@types/http-errors": {
      "version": "2.0.4",
      "resolved": "https://registry.npmjs.org/@types/http-errors/-/http-errors-2.0.4.tgz",
      "integrity": "sha512-D0CFMMtydbJAegzOyHjtiKPLlvnm3iTZyZRSZoLq2mRhDdmLfIWOCYPfQJ4cu2erKghU++QvjcUjp/5h7hESpA==",
      "dev": true
    },
    "@types/http-signature": {
      "version": "1.3.2",
      "resolved": "https://registry.npmjs.org/@types/http-signature/-/http-signature-1.3.2.tgz",
      "integrity": "sha512-9Bfc205JiUMw6dOGtf2LTPrHWHMwqyvHbDSjzkeCR4i45a/JzqJYL0hspDcoN4xvandQABze5FHF/+lrIqv6/g==",
      "dev": true,
      "requires": {
        "@types/node": "*"
      }
    },
    "@types/inherits": {
      "version": "0.0.32",
      "resolved": "https://registry.npmjs.org/@types/inherits/-/inherits-0.0.32.tgz",
      "integrity": "sha512-UYu/3oMv4J15FR5FIP7mANkSs/XX5WZ8EDT6DwIw9Z0xGN44HEAOJQdcDQiQcuvPdD3pI98VuypH40H0bJMXqQ==",
      "dev": true,
      "requires": {
        "@types/node": "*"
      }
    },
    "@types/is-typedarray": {
      "version": "1.0.1",
      "resolved": "https://registry.npmjs.org/@types/is-typedarray/-/is-typedarray-1.0.1.tgz",
      "integrity": "sha512-gnzZJLs8c4FLYmWmfeqjx8oVIyPqeUp47GQHEe8YNCdfGkHUqvl/B4tSeezcI8u+vS1mnGAfWqs360vevLhq3g==",
      "dev": true,
      "requires": {
        "@types/node": "*"
      }
    },
    "@types/isstream": {
      "version": "0.1.1",
      "resolved": "https://registry.npmjs.org/@types/isstream/-/isstream-0.1.1.tgz",
      "integrity": "sha512-zLADBML1yig0Cx3Q/G3MMByz93HXUnimoIkZ/1XdiP+E0cx6gbfmzE9aSfS0Xrxz5MRVpH8trZsqZO6WHkKQHw==",
      "dev": true
    },
    "@types/json-stringify-safe": {
      "version": "5.0.2",
      "resolved": "https://registry.npmjs.org/@types/json-stringify-safe/-/json-stringify-safe-5.0.2.tgz",
      "integrity": "sha512-NJdNTdatSiYvxdPLwgQImChxTfPECXYkdB6wC71dO3GCz2z/s/ZkkHXHaUlSVvnbsRUQg8Al3cT8Wp08wMF3zA==",
      "dev": true
    },
    "@types/jsonfile": {
      "version": "6.1.4",
      "resolved": "https://registry.npmjs.org/@types/jsonfile/-/jsonfile-6.1.4.tgz",
      "integrity": "sha512-D5qGUYwjvnNNextdU59/+fI+spnwtTFmyQP0h+PfIOSkNfpU6AOICUOkm4i0OnSk+NyjdPJrxCDro0sJsWlRpQ==",
      "dev": true,
      "requires": {
        "@types/node": "*"
      }
    },
    "@types/mime": {
      "version": "1.3.5",
      "resolved": "https://registry.npmjs.org/@types/mime/-/mime-1.3.5.tgz",
      "integrity": "sha512-/pyBZWSLD2n0dcHE3hq8s8ZvcETHtEuF+3E7XVt0Ig2nvsVQXdghHVcEkIWjy9A0wKfTn97a/PSDYohKIlnP/w==",
      "dev": true
    },
    "@types/mime-types": {
      "version": "2.1.3",
      "resolved": "https://registry.npmjs.org/@types/mime-types/-/mime-types-2.1.3.tgz",
      "integrity": "sha512-bvxCbHeeS7quxS7uOJShyoOQj/BfLabhF6mk9Rmr+2MRfW8W1yxyyL/0GTxLFTHen41GrIw4K3D4DrLouhb8vg==",
      "dev": true
    },
    "@types/node": {
      "version": "20.11.24",
      "resolved": "https://registry.npmjs.org/@types/node/-/node-20.11.24.tgz",
      "integrity": "sha512-Kza43ewS3xoLgCEpQrsT+xRo/EJej1y0kVYGiLFE1NEODXGzTfwiC6tXTLMQskn1X4/Rjlh0MQUvx9W+L9long==",
      "dev": true,
      "requires": {
        "undici-types": "~5.26.4"
      }
    },
    "@types/node-cron": {
      "version": "3.0.11",
      "resolved": "https://registry.npmjs.org/@types/node-cron/-/node-cron-3.0.11.tgz",
      "integrity": "sha512-0ikrnug3/IyneSHqCBeslAhlK2aBfYek1fGo4bP4QnZPmiqSGRK+Oy7ZMisLWkesffJvQ1cqAcBnJC+8+nxIAg==",
      "dev": true
    },
    "@types/npmlog": {
      "version": "7.0.0",
      "resolved": "https://registry.npmjs.org/@types/npmlog/-/npmlog-7.0.0.tgz",
      "integrity": "sha512-hJWbrKFvxKyWwSUXjZMYTINsSOY6IclhvGOZ97M8ac2tmR9hMwmTnYaMdpGhvju9ctWLTPhCS+eLfQNluiEjQQ==",
      "dev": true,
      "requires": {
        "@types/node": "*"
      }
    },
    "@types/qs": {
      "version": "6.9.10",
      "resolved": "https://registry.npmjs.org/@types/qs/-/qs-6.9.10.tgz",
      "integrity": "sha512-3Gnx08Ns1sEoCrWssEgTSJs/rsT2vhGP+Ja9cnnk9k4ALxinORlQneLXFeFKOTJMOeZUFD1s7w+w2AphTpvzZw==",
      "dev": true
    },
    "@types/range-parser": {
      "version": "1.2.7",
      "resolved": "https://registry.npmjs.org/@types/range-parser/-/range-parser-1.2.7.tgz",
      "integrity": "sha512-hKormJbkJqzQGhziax5PItDUTMAM9uE2XXQmM37dyd4hVM+5aVl7oVxMVUiVQn2oCQFN/LKCZdvSM0pFRqbSmQ==",
      "dev": true
    },
    "@types/request": {
      "version": "2.48.12",
      "resolved": "https://registry.npmjs.org/@types/request/-/request-2.48.12.tgz",
      "integrity": "sha512-G3sY+NpsA9jnwm0ixhAFQSJ3Q9JkpLZpJbI3GMv0mIAT0y3mRabYeINzal5WOChIiaTEGQYlHOKgkaM9EisWHw==",
      "dev": true,
      "requires": {
        "@types/caseless": "*",
        "@types/node": "*",
        "@types/tough-cookie": "*",
        "form-data": "^2.5.0"
      }
    },
    "@types/semver": {
      "version": "7.5.8",
      "resolved": "https://registry.npmjs.org/@types/semver/-/semver-7.5.8.tgz",
      "integrity": "sha512-I8EUhyrgfLrcTkzV3TSsGyl1tSuPrEDzr0yd5m90UgNxQkyDXULk3b6MlQqTCpZpNtWe1K0hzclnZkTcLBe2UQ==",
      "dev": true
    },
    "@types/send": {
      "version": "0.17.4",
      "resolved": "https://registry.npmjs.org/@types/send/-/send-0.17.4.tgz",
      "integrity": "sha512-x2EM6TJOybec7c52BX0ZspPodMsQUd5L6PRwOunVyVUhXiBSKf3AezDL8Dgvgt5o0UfKNfuA0eMLr2wLT4AiBA==",
      "dev": true,
      "requires": {
        "@types/mime": "^1",
        "@types/node": "*"
      }
    },
    "@types/serve-static": {
      "version": "1.15.5",
      "resolved": "https://registry.npmjs.org/@types/serve-static/-/serve-static-1.15.5.tgz",
      "integrity": "sha512-PDRk21MnK70hja/YF8AHfC7yIsiQHn1rcXx7ijCFBX/k+XQJhQT/gw3xekXKJvx+5SXaMMS8oqQy09Mzvz2TuQ==",
      "dev": true,
      "requires": {
        "@types/http-errors": "*",
        "@types/mime": "*",
        "@types/node": "*"
      }
    },
    "@types/set-blocking": {
      "version": "2.0.1",
      "resolved": "https://registry.npmjs.org/@types/set-blocking/-/set-blocking-2.0.1.tgz",
      "integrity": "sha512-cFAgBEI9vJuCeXgEBC/PIATO372IH+axL0tIb/T1x/YCPaYXxvTr2LfB2JY5sZwFPAAwjEg68xFzO17eDY709Q==",
      "dev": true
    },
    "@types/string-similarity": {
      "version": "4.0.2",
      "resolved": "https://registry.npmjs.org/@types/string-similarity/-/string-similarity-4.0.2.tgz",
      "integrity": "sha512-LkJQ/jsXtCVMK+sKYAmX/8zEq+/46f1PTQw7YtmQwb74jemS1SlNLmARM2Zml9DgdDTWKAtc5L13WorpHPDjDA==",
      "dev": true
    },
    "@types/tinycolor2": {
      "version": "1.4.6",
      "resolved": "https://registry.npmjs.org/@types/tinycolor2/-/tinycolor2-1.4.6.tgz",
      "integrity": "sha512-iEN8J0BoMnsWBqjVbWH/c0G0Hh7O21lpR2/+PrvAVgWdzL7eexIFm4JN/Wn10PTcmNdtS6U67r499mlWMXOxNw==",
      "dev": true
    },
    "@types/tough-cookie": {
      "version": "4.0.4",
      "resolved": "https://registry.npmjs.org/@types/tough-cookie/-/tough-cookie-4.0.4.tgz",
      "integrity": "sha512-95Sfz4nvMAb0Nl9DTxN3j64adfwfbBPEYq14VN7zT5J5O2M9V6iZMIIQU1U+pJyl9agHYHNCqhCXgyEtIRRa5A==",
      "dev": true
    },
    "@types/uuid": {
      "version": "9.0.8",
      "resolved": "https://registry.npmjs.org/@types/uuid/-/uuid-9.0.8.tgz",
      "integrity": "sha512-jg+97EGIcY9AGHJJRaaPVgetKDsrTgbRjQ5Msgjh/DQKEFl0DtyRr/VCOyD1T2R1MNeWPK/u7JoGhlDZnKBAfA==",
      "dev": true
    },
    "@types/ws": {
      "version": "8.5.8",
      "resolved": "https://registry.npmjs.org/@types/ws/-/ws-8.5.8.tgz",
      "integrity": "sha512-flUksGIQCnJd6sZ1l5dqCEG/ksaoAg/eUwiLAGTJQcfgvZJKF++Ta4bJA6A5aPSJmsr+xlseHn4KLgVlNnvPTg==",
      "dev": true,
      "requires": {
        "@types/node": "*"
      }
    },
    "asynckit": {
      "version": "0.4.0",
      "resolved": "https://registry.npmjs.org/asynckit/-/asynckit-0.4.0.tgz",
      "integrity": "sha512-Oei9OH4tRh0YqU3GxhX79dM/mwVgvbZJaSNaRk+bshkj0S5cfHcgYakreBjrHwatXKbz+IoIdYLxrKim2MjW0Q==",
      "dev": true
    },
    "combined-stream": {
      "version": "1.0.8",
      "resolved": "https://registry.npmjs.org/combined-stream/-/combined-stream-1.0.8.tgz",
      "integrity": "sha512-FQN4MRfuJeHf7cBbBMJFXhKSDq+2kAArBlmRBvcvFE5BB1HZKXtSFASDhdlz9zOYwxh8lDdnvmMOe/+5cdoEdg==",
      "dev": true,
      "requires": {
        "delayed-stream": "~1.0.0"
      }
    },
    "delayed-stream": {
      "version": "1.0.0",
      "resolved": "https://registry.npmjs.org/delayed-stream/-/delayed-stream-1.0.0.tgz",
      "integrity": "sha512-ZySD7Nf91aLB0RxL4KGrKHBXl7Eds1DAmEdcoVawXnLD7SDhpNgtuII2aAkg7a7QS41jxPSZ17p4VdGnMHk3MQ==",
      "dev": true
    },
    "domelementtype": {
      "version": "1.3.1",
      "resolved": "https://registry.npmjs.org/domelementtype/-/domelementtype-1.3.1.tgz",
      "integrity": "sha512-BSKB+TSpMpFI/HOxCNr1O8aMOTZ8hT3pM3GQ0w/mWRmkhEDSFJkkyzz4XQsBV44BChwGkrDfMyjVD0eA2aFV3w==",
      "dev": true
    },
    "domhandler": {
      "version": "2.4.2",
      "resolved": "https://registry.npmjs.org/domhandler/-/domhandler-2.4.2.tgz",
      "integrity": "sha512-JiK04h0Ht5u/80fdLMCEmV4zkNh2BcoMFBmZ/91WtYZ8qVXSKjiw7fXMgFPnHcSZgOo3XdinHvmnDUeMf5R4wA==",
      "dev": true,
      "requires": {
        "domelementtype": "1"
      }
    },
    "form-data": {
      "version": "2.5.1",
      "resolved": "https://registry.npmjs.org/form-data/-/form-data-2.5.1.tgz",
      "integrity": "sha512-m21N3WOmEEURgk6B9GLOE4RuWOFf28Lhh9qGYeNlGq4VDXUlJy2th2slBNU8Gp8EzloYZOibZJ7t5ecIrFSjVA==",
      "dev": true,
      "requires": {
        "asynckit": "^0.4.0",
        "combined-stream": "^1.0.6",
        "mime-types": "^2.1.12"
      }
    },
    "mime-db": {
      "version": "1.52.0",
      "resolved": "https://registry.npmjs.org/mime-db/-/mime-db-1.52.0.tgz",
      "integrity": "sha512-sPU4uV7dYlvtWJxwwxHD0PuihVNiE7TyAbQ5SWxDCB9mUYvOgroQOwYQQOKPJ8CIbE+1ETVlOoK1UC2nU3gYvg==",
      "dev": true
    },
    "mime-types": {
      "version": "2.1.35",
      "resolved": "https://registry.npmjs.org/mime-types/-/mime-types-2.1.35.tgz",
      "integrity": "sha512-ZDY+bPm5zTTF+YpCrAU9nK0UgICYPT0QtT1NZWFv4s++TNkcgVaT0g6+4R2uI4MjQjzysHB1zxuWL50hzaeXiw==",
      "dev": true,
      "requires": {
        "mime-db": "1.52.0"
      }
    },
    "to-fast-properties": {
      "version": "2.0.0",
      "resolved": "https://registry.npmjs.org/to-fast-properties/-/to-fast-properties-2.0.0.tgz",
      "integrity": "sha512-/OaKK0xYrs3DmxRYqL/yDc+FxFUVYhDlXMhRmv3z915w2HF1tnN1omB354j8VUGO/hbRzyD6Y3sA7v7GS/ceog==",
      "dev": true
    },
    "types-registry": {
      "version": "0.1.684",
      "resolved": "https://registry.npmjs.org/types-registry/-/types-registry-0.1.684.tgz",
      "integrity": "sha512-B6v+g9M+7IJSc1w2THOmTuRKvd/ACxZTGXM18E8MzpHWx1mGUvGGT+RXsSnxNpyqtbjWLeXj8uyyu/MxVOS3xw=="
    },
    "undici-types": {
      "version": "5.26.5",
      "resolved": "https://registry.npmjs.org/undici-types/-/undici-types-5.26.5.tgz",
      "integrity": "sha512-JlCMO+ehdEIKqlFxk6IfVoAUVmgz7cU7zD/h9XZ0qzeosSHmUJVOzSQvvYSYWXkFXC+IfLKSIffhv0sVZup6pA==",
      "dev": true
    }
  }
}
